{
  "version": 4,
  "terraform_version": "1.3.2",
  "serial": 219,
  "lineage": "0e6eef7d-6a78-c017-16c3-a50f3f3891af",
  "outputs": {},
  "resources": [
    {
      "mode": "managed",
      "type": "google_storage_bucket",
      "name": "default",
      "provider": "provider[\"registry.terraform.io/hashicorp/google\"]",
      "instances": [
        {
          "schema_version": 0,
          "attributes": {
            "bucket_policy_only": false,
            "cors": [],
            "encryption": [],
            "force_destroy": false,
            "id": "monistfbucket",
            "labels": {
              "location": "us-central1",
              "name": "monistfbucket"
            },
            "lifecycle_rule": [],
            "location": "US-CENTRAL1",
            "logging": [],
            "name": "monistfbucket",
            "project": "crested-climber-340820",
            "requester_pays": false,
            "retention_policy": [],
            "self_link": "https://www.googleapis.com/storage/v1/b/monistfbucket",
            "storage_class": "REGIONAL",
            "url": "gs://monistfbucket",
            "versioning": [
              {
                "enabled": true
              }
            ],
            "website": []
          },
          "sensitive_attributes": [],
          "private": "bnVsbA=="
        }
      ]
    }
  ],
  "check_results": []
}
